// !$*UTF8*$!
{
	archiveVersion = 1;
	classes = {
	};
	objectVersion = 50;
	objects = {

/* Begin PBXBuildFile section */
		C7AD203A2538B2F100DE4B12 /* ABSwiftKitExtensionExampleApp.swift in Sources */ = {isa = PBXBuildFile; fileRef = C7AD20392538B2F100DE4B12 /* ABSwiftKitExtensionExampleApp.swift */; };
		C7AD203C2538B2F100DE4B12 /* ContentView.swift in Sources */ = {isa = PBXBuildFile; fileRef = C7AD203B2538B2F100DE4B12 /* ContentView.swift */; };
		C7AD203E2538B2F100DE4B12 /* Assets.xcassets in Resources */ = {isa = PBXBuildFile; fileRef = C7AD203D2538B2F100DE4B12 /* Assets.xcassets */; };
		C7AD20412538B2F100DE4B12 /* Preview Assets.xcassets in Resources */ = {isa = PBXBuildFile; fileRef = C7AD20402538B2F100DE4B12 /* Preview Assets.xcassets */; };
		C7AD204C2538B2F200DE4B12 /* ABSwiftKitExtensionExampleTests.swift in Sources */ = {isa = PBXBuildFile; fileRef = C7AD204B2538B2F200DE4B12 /* ABSwiftKitExtensionExampleTests.swift */; };
		C7AD20572538B2F200DE4B12 /* ABSwiftKitExtensionExampleUITests.swift in Sources */ = {isa = PBXBuildFile; fileRef = C7AD20562538B2F200DE4B12 /* ABSwiftKitExtensionExampleUITests.swift */; };
/* End PBXBuildFile section */

/* Begin PBXContainerItemProxy section */
		C7AD20482538B2F200DE4B12 /* PBXContainerItemProxy */ = {
			isa = PBXContainerItemProxy;
			containerPortal = C7AD202E2538B2F000DE4B12 /* Project object */;
			proxyType = 1;
			remoteGlobalIDString = C7AD20352538B2F000DE4B12;
			remoteInfo = ABSwiftKitExtensionExample;
		};
		C7AD20532538B2F200DE4B12 /* PBXContainerItemProxy */ = {
			isa = PBXContainerItemProxy;
			containerPortal = C7AD202E2538B2F000DE4B12 /* Project object */;
			proxyType = 1;
			remoteGlobalIDString = C7AD20352538B2F000DE4B12;
			remoteInfo = ABSwiftKitExtensionExample;
		};
/* End PBXContainerItemProxy section */

/* Begin PBXFileReference section */
		C7AD20362538B2F000DE4B12 /* ABSwiftKitExtensionExample.app */ = {isa = PBXFileReference; explicitFileType = wrapper.application; includeInIndex = 0; path = ABSwiftKitExtensionExample.app; sourceTree = BUILT_PRODUCTS_DIR; };
		C7AD20392538B2F100DE4B12 /* ABSwiftKitExtensionExampleApp.swift */ = {isa = PBXFileReference; lastKnownFileType = sourcecode.swift; path = ABSwiftKitExtensionExampleApp.swift; sourceTree = "<group>"; };
		C7AD203B2538B2F100DE4B12 /* ContentView.swift */ = {isa = PBXFileReference; lastKnownFileType = sourcecode.swift; path = ContentView.swift; sourceTree = "<group>"; };
		C7AD203D2538B2F100DE4B12 /* Assets.xcassets */ = {isa = PBXFileReference; lastKnownFileType = folder.assetcatalog; path = Assets.xcassets; sourceTree = "<group>"; };
		C7AD20402538B2F100DE4B12 /* Preview Assets.xcassets */ = {isa = PBXFileReference; lastKnownFileType = folder.assetcatalog; path = "Preview Assets.xcassets"; sourceTree = "<group>"; };
		C7AD20422538B2F100DE4B12 /* Info.plist */ = {isa = PBXFileReference; lastKnownFileType = text.plist.xml; path = Info.plist; sourceTree = "<group>"; };
		C7AD20472538B2F200DE4B12 /* ABSwiftKitExtensionExampleTests.xctest */ = {isa = PBXFileReference; explicitFileType = wrapper.cfbundle; includeInIndex = 0; path = ABSwiftKitExtensionExampleTests.xctest; sourceTree = BUILT_PRODUCTS_DIR; };
		C7AD204B2538B2F200DE4B12 /* ABSwiftKitExtensionExampleTests.swift */ = {isa = PBXFileReference; lastKnownFileType = sourcecode.swift; path = ABSwiftKitExtensionExampleTests.swift; sourceTree = "<group>"; };
		C7AD204D2538B2F200DE4B12 /* Info.plist */ = {isa = PBXFileReference; lastKnownFileType = text.plist.xml; path = Info.plist; sourceTree = "<group>"; };
		C7AD20522538B2F200DE4B12 /* ABSwiftKitExtensionExampleUITests.xctest */ = {isa = PBXFileReference; explicitFileType = wrapper.cfbundle; includeInIndex = 0; path = ABSwiftKitExtensionExampleUITests.xctest; sourceTree = BUILT_PRODUCTS_DIR; };
		C7AD20562538B2F200DE4B12 /* ABSwiftKitExtensionExampleUITests.swift */ = {isa = PBXFileReference; lastKnownFileType = sourcecode.swift; path = ABSwiftKitExtensionExampleUITests.swift; sourceTree = "<group>"; };
		C7AD20582538B2F200DE4B12 /* Info.plist */ = {isa = PBXFileReference; lastKnownFileType = text.plist.xml; path = Info.plist; sourceTree = "<group>"; };
/* End PBXFileReference section */

/* Begin PBXFrameworksBuildPhase section */
		C7AD20332538B2F000DE4B12 /* Frameworks */ = {
			isa = PBXFrameworksBuildPhase;
			buildActionMask = 2147483647;
			files = (
			);
			runOnlyForDeploymentPostprocessing = 0;
		};
		C7AD20442538B2F200DE4B12 /* Frameworks */ = {
			isa = PBXFrameworksBuildPhase;
			buildActionMask = 2147483647;
			files = (
			);
			runOnlyForDeploymentPostprocessing = 0;
		};
		C7AD204F2538B2F200DE4B12 /* Frameworks */ = {
			isa = PBXFrameworksBuildPhase;
			buildActionMask = 2147483647;
			files = (
			);
			runOnlyForDeploymentPostprocessing = 0;
		};
/* End PBXFrameworksBuildPhase section */

/* Begin PBXGroup section */
		C7AD202D2538B2F000DE4B12 = {
			isa = PBXGroup;
			children = (
				C7AD20382538B2F000DE4B12 /* ABSwiftKitExtensionExample */,
				C7AD204A2538B2F200DE4B12 /* ABSwiftKitExtensionExampleTests */,
				C7AD20552538B2F200DE4B12 /* ABSwiftKitExtensionExampleUITests */,
				C7AD20372538B2F000DE4B12 /* Products */,
			);
			sourceTree = "<group>";
		};
		C7AD20372538B2F000DE4B12 /* Products */ = {
			isa = PBXGroup;
			children = (
				C7AD20362538B2F000DE4B12 /* ABSwiftKitExtensionExample.app */,
				C7AD20472538B2F200DE4B12 /* ABSwiftKitExtensionExampleTests.xctest */,
				C7AD20522538B2F200DE4B12 /* ABSwiftKitExtensionExampleUITests.xctest */,
			);
			name = Products;
			sourceTree = "<group>";
		};
		C7AD20382538B2F000DE4B12 /* ABSwiftKitExtensionExample */ = {
			isa = PBXGroup;
			children = (
				C7AD20392538B2F100DE4B12 /* ABSwiftKitExtensionExampleApp.swift */,
				C7AD203B2538B2F100DE4B12 /* ContentView.swift */,
				C7AD203D2538B2F100DE4B12 /* Assets.xcassets */,
				C7AD20422538B2F100DE4B12 /* Info.plist */,
				C7AD203F2538B2F100DE4B12 /* Preview Content */,
			);
			path = ABSwiftKitExtensionExample;
			sourceTree = "<group>";
		};
		C7AD203F2538B2F100DE4B12 /* Preview Content */ = {
			isa = PBXGroup;
			children = (
				C7AD20402538B2F100DE4B12 /* Preview Assets.xcassets */,
			);
			path = "Preview Content";
			sourceTree = "<group>";
		};
		C7AD204A2538B2F200DE4B12 /* ABSwiftKitExtensionExampleTests */ = {
			isa = PBXGroup;
			children = (
				C7AD204B2538B2F200DE4B12 /* ABSwiftKitExtensionExampleTests.swift */,
				C7AD204D2538B2F200DE4B12 /* Info.plist */,
			);
			path = ABSwiftKitExtensionExampleTests;
			sourceTree = "<group>";
		};
		C7AD20552538B2F200DE4B12 /* ABSwiftKitExtensionExampleUITests */ = {
			isa = PBXGroup;
			children = (
				C7AD20562538B2F200DE4B12 /* ABSwiftKitExtensionExampleUITests.swift */,
				C7AD20582538B2F200DE4B12 /* Info.plist */,
			);
			path = ABSwiftKitExtensionExampleUITests;
			sourceTree = "<group>";
		};
/* End PBXGroup section */

/* Begin PBXNativeTarget section */
		C7AD20352538B2F000DE4B12 /* ABSwiftKitExtensionExample */ = {
			isa = PBXNativeTarget;
			buildConfigurationList = C7AD205B2538B2F200DE4B12 /* Build configuration list for PBXNativeTarget "ABSwiftKitExtensionExample" */;
			buildPhases = (
				C7AD20322538B2F000DE4B12 /* Sources */,
				C7AD20332538B2F000DE4B12 /* Frameworks */,
				C7AD20342538B2F000DE4B12 /* Resources */,
			);
			buildRules = (
			);
			dependencies = (
			);
			name = ABSwiftKitExtensionExample;
			productName = ABSwiftKitExtensionExample;
			productReference = C7AD20362538B2F000DE4B12 /* ABSwiftKitExtensionExample.app */;
			productType = "com.apple.product-type.application";
		};
		C7AD20462538B2F200DE4B12 /* ABSwiftKitExtensionExampleTests */ = {
			isa = PBXNativeTarget;
			buildConfigurationList = C7AD205E2538B2F200DE4B12 /* Build configuration list for PBXNativeTarget "ABSwiftKitExtensionExampleTests" */;
			buildPhases = (
				C7AD20432538B2F200DE4B12 /* Sources */,
				C7AD20442538B2F200DE4B12 /* Frameworks */,
				C7AD20452538B2F200DE4B12 /* Resources */,
			);
			buildRules = (
			);
			dependencies = (
				C7AD20492538B2F200DE4B12 /* PBXTargetDependency */,
			);
			name = ABSwiftKitExtensionExampleTests;
			productName = ABSwiftKitExtensionExampleTests;
			productReference = C7AD20472538B2F200DE4B12 /* ABSwiftKitExtensionExampleTests.xctest */;
			productType = "com.apple.product-type.bundle.unit-test";
		};
		C7AD20512538B2F200DE4B12 /* ABSwiftKitExtensionExampleUITests */ = {
			isa = PBXNativeTarget;
			buildConfigurationList = C7AD20612538B2F200DE4B12 /* Build configuration list for PBXNativeTarget "ABSwiftKitExtensionExampleUITests" */;
			buildPhases = (
				C7AD204E2538B2F200DE4B12 /* Sources */,
				C7AD204F2538B2F200DE4B12 /* Frameworks */,
				C7AD20502538B2F200DE4B12 /* Resources */,
			);
			buildRules = (
			);
			dependencies = (
				C7AD20542538B2F200DE4B12 /* PBXTargetDependency */,
			);
			name = ABSwiftKitExtensionExampleUITests;
			productName = ABSwiftKitExtensionExampleUITests;
			productReference = C7AD20522538B2F200DE4B12 /* ABSwiftKitExtensionExampleUITests.xctest */;
			productType = "com.apple.product-type.bundle.ui-testing";
		};
/* End PBXNativeTarget section */

/* Begin PBXProject section */
		C7AD202E2538B2F000DE4B12 /* Project object */ = {
			isa = PBXProject;
			attributes = {
				LastSwiftUpdateCheck = 1210;
				LastUpgradeCheck = 1210;
				TargetAttributes = {
					C7AD20352538B2F000DE4B12 = {
						CreatedOnToolsVersion = 12.1;
					};
					C7AD20462538B2F200DE4B12 = {
						CreatedOnToolsVersion = 12.1;
						TestTargetID = C7AD20352538B2F000DE4B12;
					};
					C7AD20512538B2F200DE4B12 = {
						CreatedOnToolsVersion = 12.1;
						TestTargetID = C7AD20352538B2F000DE4B12;
					};
				};
			};
			buildConfigurationList = C7AD20312538B2F000DE4B12 /* Build configuration list for PBXProject "ABSwiftKitExtensionExample" */;
			compatibilityVersion = "Xcode 9.3";
			developmentRegion = en;
			hasScannedForEncodings = 0;
			knownRegions = (
				en,
				Base,
			);
			mainGroup = C7AD202D2538B2F000DE4B12;
			productRefGroup = C7AD20372538B2F000DE4B12 /* Products */;
			projectDirPath = "";
			projectRoot = "";
			targets = (
				C7AD20352538B2F000DE4B12 /* ABSwiftKitExtensionExample */,
				C7AD20462538B2F200DE4B12 /* ABSwiftKitExtensionExampleTests */,
				C7AD20512538B2F200DE4B12 /* ABSwiftKitExtensionExampleUITests */,
			);
		};
/* End PBXProject section */

/* Begin PBXResourcesBuildPhase section */
		C7AD20342538B2F000DE4B12 /* Resources */ = {
			isa = PBXResourcesBuildPhase;
			buildActionMask = 2147483647;
			files = (
				C7AD20412538B2F100DE4B12 /* Preview Assets.xcassets in Resources */,
				C7AD203E2538B2F100DE4B12 /* Assets.xcassets in Resources */,
			);
			runOnlyForDeploymentPostprocessing = 0;
		};
		C7AD20452538B2F200DE4B12 /* Resources */ = {
			isa = PBXResourcesBuildPhase;
			buildActionMask = 2147483647;
			files = (
			);
			runOnlyForDeploymentPostprocessing = 0;
		};
		C7AD20502538B2F200DE4B12 /* Resources */ = {
			isa = PBXResourcesBuildPhase;
			buildActionMask = 2147483647;
			files = (
			);
			runOnlyForDeploymentPostprocessing = 0;
		};
/* End PBXResourcesBuildPhase section */

/* Begin PBXSourcesBuildPhase section */
		C7AD20322538B2F000DE4B12 /* Sources */ = {
			isa = PBXSourcesBuildPhase;
			buildActionMask = 2147483647;
			files = (
				C7AD203C2538B2F100DE4B12 /* ContentView.swift in Sources */,
				C7AD203A2538B2F100DE4B12 /* ABSwiftKitExtensionExampleApp.swift in Sources */,
			);
			runOnlyForDeploymentPostprocessing = 0;
		};
		C7AD20432538B2F200DE4B12 /* Sources */ = {
			isa = PBXSourcesBuildPhase;
			buildActionMask = 2147483647;
			files = (
				C7AD204C2538B2F200DE4B12 /* ABSwiftKitExtensionExampleTests.swift in Sources */,
			);
			runOnlyForDeploymentPostprocessing = 0;
		};
		C7AD204E2538B2F200DE4B12 /* Sources */ = {
			isa = PBXSourcesBuildPhase;
			buildActionMask = 2147483647;
			files = (
				C7AD20572538B2F200DE4B12 /* ABSwiftKitExtensionExampleUITests.swift in Sources */,
			);
			runOnlyForDeploymentPostprocessing = 0;
		};
/* End PBXSourcesBuildPhase section */

/* Begin PBXTargetDependency section */
		C7AD20492538B2F200DE4B12 /* PBXTargetDependency */ = {
			isa = PBXTargetDependency;
			target = C7AD20352538B2F000DE4B12 /* ABSwiftKitExtensionExample */;
			targetProxy = C7AD20482538B2F200DE4B12 /* PBXContainerItemProxy */;
		};
		C7AD20542538B2F200DE4B12 /* PBXTargetDependency */ = {
			isa = PBXTargetDependency;
			target = C7AD20352538B2F000DE4B12 /* ABSwiftKitExtensionExample */;
			targetProxy = C7AD20532538B2F200DE4B12 /* PBXContainerItemProxy */;
		};
/* End PBXTargetDependency section */

/* Begin XCBuildConfiguration section */
		C7AD20592538B2F200DE4B12 /* Debug */ = {
			isa = XCBuildConfiguration;
			buildSettings = {
				ALWAYS_SEARCH_USER_PATHS = NO;
				CLANG_ANALYZER_NONNULL = YES;
				CLANG_ANALYZER_NUMBER_OBJECT_CONVERSION = YES_AGGRESSIVE;
				CLANG_CXX_LANGUAGE_STANDARD = "gnu++14";
				CLANG_CXX_LIBRARY = "libc++";
				CLANG_ENABLE_MODULES = YES;
				CLANG_ENABLE_OBJC_ARC = YES;
				CLANG_ENABLE_OBJC_WEAK = YES;
				CLANG_WARN_BLOCK_CAPTURE_AUTORELEASING = YES;
				CLANG_WARN_BOOL_CONVERSION = YES;
				CLANG_WARN_COMMA = YES;
				CLANG_WARN_CONSTANT_CONVERSION = YES;
				CLANG_WARN_DEPRECATED_OBJC_IMPLEMENTATIONS = YES;
				CLANG_WARN_DIRECT_OBJC_ISA_USAGE = YES_ERROR;
				CLANG_WARN_DOCUMENTATION_COMMENTS = YES;
				CLANG_WARN_EMPTY_BODY = YES;
				CLANG_WARN_ENUM_CONVERSION = YES;
				CLANG_WARN_INFINITE_RECURSION = YES;
				CLANG_WARN_INT_CONVERSION = YES;
				CLANG_WARN_NON_LITERAL_NULL_CONVERSION = YES;
				CLANG_WARN_OBJC_IMPLICIT_RETAIN_SELF = YES;
				CLANG_WARN_OBJC_LITERAL_CONVERSION = YES;
				CLANG_WARN_OBJC_ROOT_CLASS = YES_ERROR;
				CLANG_WARN_QUOTED_INCLUDE_IN_FRAMEWORK_HEADER = YES;
				CLANG_WARN_RANGE_LOOP_ANALYSIS = YES;
				CLANG_WARN_STRICT_PROTOTYPES = YES;
				CLANG_WARN_SUSPICIOUS_MOVE = YES;
				CLANG_WARN_UNGUARDED_AVAILABILITY = YES_AGGRESSIVE;
				CLANG_WARN_UNREACHABLE_CODE = YES;
				CLANG_WARN__DUPLICATE_METHOD_MATCH = YES;
				COPY_PHASE_STRIP = NO;
				DEBUG_INFORMATION_FORMAT = dwarf;
				ENABLE_STRICT_OBJC_MSGSEND = YES;
				ENABLE_TESTABILITY = YES;
				GCC_C_LANGUAGE_STANDARD = gnu11;
				GCC_DYNAMIC_NO_PIC = NO;
				GCC_NO_COMMON_BLOCKS = YES;
				GCC_OPTIMIZATION_LEVEL = 0;
				GCC_PREPROCESSOR_DEFINITIONS = (
					"DEBUG=1",
					"$(inherited)",
				);
				GCC_WARN_64_TO_32_BIT_CONVERSION = YES;
				GCC_WARN_ABOUT_RETURN_TYPE = YES_ERROR;
				GCC_WARN_UNDECLARED_SELECTOR = YES;
				GCC_WARN_UNINITIALIZED_AUTOS = YES_AGGRESSIVE;
				GCC_WARN_UNUSED_FUNCTION = YES;
				GCC_WARN_UNUSED_VARIABLE = YES;
				IPHONEOS_DEPLOYMENT_TARGET = 14.1;
				MTL_ENABLE_DEBUG_INFO = INCLUDE_SOURCE;
				MTL_FAST_MATH = YES;
				ONLY_ACTIVE_ARCH = YES;
				SDKROOT = iphoneos;
				SWIFT_ACTIVE_COMPILATION_CONDITIONS = DEBUG;
				SWIFT_OPTIMIZATION_LEVEL = "-Onone";
			};
			name = Debug;
		};
		C7AD205A2538B2F200DE4B12 /* Release */ = {
			isa = XCBuildConfiguration;
			buildSettings = {
				ALWAYS_SEARCH_USER_PATHS = NO;
				CLANG_ANALYZER_NONNULL = YES;
				CLANG_ANALYZER_NUMBER_OBJECT_CONVERSION = YES_AGGRESSIVE;
				CLANG_CXX_LANGUAGE_STANDARD = "gnu++14";
				CLANG_CXX_LIBRARY = "libc++";
				CLANG_ENABLE_MODULES = YES;
				CLANG_ENABLE_OBJC_ARC = YES;
				CLANG_ENABLE_OBJC_WEAK = YES;
				CLANG_WARN_BLOCK_CAPTURE_AUTORELEASING = YES;
				CLANG_WARN_BOOL_CONVERSION = YES;
				CLANG_WARN_COMMA = YES;
				CLANG_WARN_CONSTANT_CONVERSION = YES;
				CLANG_WARN_DEPRECATED_OBJC_IMPLEMENTATIONS = YES;
				CLANG_WARN_DIRECT_OBJC_ISA_USAGE = YES_ERROR;
				CLANG_WARN_DOCUMENTATION_COMMENTS = YES;
				CLANG_WARN_EMPTY_BODY = YES;
				CLANG_WARN_ENUM_CONVERSION = YES;
				CLANG_WARN_INFINITE_RECURSION = YES;
				CLANG_WARN_INT_CONVERSION = YES;
				CLANG_WARN_NON_LITERAL_NULL_CONVERSION = YES;
				CLANG_WARN_OBJC_IMPLICIT_RETAIN_SELF = YES;
				CLANG_WARN_OBJC_LITERAL_CONVERSION = YES;
				CLANG_WARN_OBJC_ROOT_CLASS = YES_ERROR;
				CLANG_WARN_QUOTED_INCLUDE_IN_FRAMEWORK_HEADER = YES;
				CLANG_WARN_RANGE_LOOP_ANALYSIS = YES;
				CLANG_WARN_STRICT_PROTOTYPES = YES;
				CLANG_WARN_SUSPICIOUS_MOVE = YES;
				CLANG_WARN_UNGUARDED_AVAILABILITY = YES_AGGRESSIVE;
				CLANG_WARN_UNREACHABLE_CODE = YES;
				CLANG_WARN__DUPLICATE_METHOD_MATCH = YES;
				COPY_PHASE_STRIP = NO;
				DEBUG_INFORMATION_FORMAT = "dwarf-with-dsym";
				ENABLE_NS_ASSERTIONS = NO;
				ENABLE_STRICT_OBJC_MSGSEND = YES;
				GCC_C_LANGUAGE_STANDARD = gnu11;
				GCC_NO_COMMON_BLOCKS = YES;
				GCC_WARN_64_TO_32_BIT_CONVERSION = YES;
				GCC_WARN_ABOUT_RETURN_TYPE = YES_ERROR;
				GCC_WARN_UNDECLARED_SELECTOR = YES;
				GCC_WARN_UNINITIALIZED_AUTOS = YES_AGGRESSIVE;
				GCC_WARN_UNUSED_FUNCTION = YES;
				GCC_WARN_UNUSED_VARIABLE = YES;
				IPHONEOS_DEPLOYMENT_TARGET = 14.1;
				MTL_ENABLE_DEBUG_INFO = NO;
				MTL_FAST_MATH = YES;
				SDKROOT = iphoneos;
				SWIFT_COMPILATION_MODE = wholemodule;
				SWIFT_OPTIMIZATION_LEVEL = "-O";
				VALIDATE_PRODUCT = YES;
			};
			name = Release;
		};
		C7AD205C2538B2F200DE4B12 /* Debug */ = {
			isa = XCBuildConfiguration;
			buildSettings = {
				ASSETCATALOG_COMPILER_APPICON_NAME = AppIcon;
				ASSETCATALOG_COMPILER_GLOBAL_ACCENT_COLOR_NAME = AccentColor;
				CODE_SIGN_STYLE = Automatic;
				DEVELOPMENT_ASSET_PATHS = "\"ABSwiftKitExtensionExample/Preview Content\"";
				DEVELOPMENT_TEAM = 292J49Y2B4;
				ENABLE_PREVIEWS = YES;
				INFOPLIST_FILE = ABSwiftKitExtensionExample/Info.plist;
				IPHONEOS_DEPLOYMENT_TARGET = 14.0;
				LD_RUNPATH_SEARCH_PATHS = (
					"$(inherited)",
					"@executable_path/Frameworks",
				);
				PRODUCT_BUNDLE_IDENTIFIER = io.aben.ABSwiftKitExtensionExample;
				PRODUCT_NAME = "$(TARGET_NAME)";
				SWIFT_VERSION = 5.0;
				TARGETED_DEVICE_FAMILY = "1,2";
			};
			name = Debug;
		};
		C7AD205D2538B2F200DE4B12 /* Release */ = {
			isa = XCBuildConfiguration;
			buildSettings = {
				ASSETCATALOG_COMPILER_APPICON_NAME = AppIcon;
				ASSETCATALOG_COMPILER_GLOBAL_ACCENT_COLOR_NAME = AccentColor;
				CODE_SIGN_STYLE = Automatic;
				DEVELOPMENT_ASSET_PATHS = "\"ABSwiftKitExtensionExample/Preview Content\"";
				DEVELOPMENT_TEAM = 292J49Y2B4;
				ENABLE_PREVIEWS = YES;
				INFOPLIST_FILE = ABSwiftKitExtensionExample/Info.plist;
				IPHONEOS_DEPLOYMENT_TARGET = 14.0;
				LD_RUNPATH_SEARCH_PATHS = (
					"$(inherited)",
					"@executable_path/Frameworks",
				);
				PRODUCT_BUNDLE_IDENTIFIER = io.aben.ABSwiftKitExtensionExample;
				PRODUCT_NAME = "$(TARGET_NAME)";
				SWIFT_VERSION = 5.0;
				TARGETED_DEVICE_FAMILY = "1,2";
			};
			name = Release;
		};
		C7AD205F2538B2F200DE4B12 /* Debug */ = {
			isa = XCBuildConfiguration;
			buildSettings = {
				ALWAYS_EMBED_SWIFT_STANDARD_LIBRARIES = YES;
				BUNDLE_LOADER = "$(TEST_HOST)";
				CODE_SIGN_STYLE = Automatic;
				DEVELOPMENT_TEAM = 292J49Y2B4;
				INFOPLIST_FILE = ABSwiftKitExtensionExampleTests/Info.plist;
				IPHONEOS_DEPLOYMENT_TARGET = 14.0;
				LD_RUNPATH_SEARCH_PATHS = (
					"$(inherited)",
					"@executable_path/Frameworks",
					"@loader_path/Frameworks",
				);
				PRODUCT_BUNDLE_IDENTIFIER = io.aben.ABSwiftKitExtensionExampleTests;
				PRODUCT_NAME = "$(TARGET_NAME)";
				SWIFT_VERSION = 5.0;
				TARGETED_DEVICE_FAMILY = "1,2";
				TEST_HOST = "$(BUILT_PRODUCTS_DIR)/ABSwiftKitExtensionExample.app/ABSwiftKitExtensionExample";
			};
			name = Debug;
		};
		C7AD20602538B2F200DE4B12 /* Release */ = {
			isa = XCBuildConfiguration;
			buildSettings = {
				ALWAYS_EMBED_SWIFT_STANDARD_LIBRARIES = YES;
				BUNDLE_LOADER = "$(TEST_HOST)";
				CODE_SIGN_STYLE = Automatic;
				DEVELOPMENT_TEAM = 292J49Y2B4;
				INFOPLIST_FILE = ABSwiftKitExtensionExampleTests/Info.plist;
				IPHONEOS_DEPLOYMENT_TARGET = 14.0;
				LD_RUNPATH_SEARCH_PATHS = (
					"$(inherited)",
					"@executable_path/Frameworks",
					"@loader_path/Frameworks",
				);
				PRODUCT_BUNDLE_IDENTIFIER = io.aben.ABSwiftKitExtensionExampleTests;
				PRODUCT_NAME = "$(TARGET_NAME)";
				SWIFT_VERSION = 5.0;
				TARGETED_DEVICE_FAMILY = "1,2";
				TEST_HOST = "$(BUILT_PRODUCTS_DIR)/ABSwiftKitExtensionExample.app/ABSwiftKitExtensionExample";
			};
			name = Release;
		};
		C7AD20622538B2F200DE4B12 /* Debug */ = {
			isa = XCBuildConfiguration;
			buildSettings = {
				ALWAYS_EMBED_SWIFT_STANDARD_LIBRARIES = YES;
				CODE_SIGN_STYLE = Automatic;
				DEVELOPMENT_TEAM = 292J49Y2B4;
				INFOPLIST_FILE = ABSwiftKitExtensionExampleUITests/Info.plist;
				LD_RUNPATH_SEARCH_PATHS = (
					"$(inherited)",
					"@executable_path/Frameworks",
					"@loader_path/Frameworks",
				);
				PRODUCT_BUNDLE_IDENTIFIER = io.aben.ABSwiftKitExtensionExampleUITests;
				PRODUCT_NAME = "$(TARGET_NAME)";
				SWIFT_VERSION = 5.0;
				TARGETED_DEVICE_FAMILY = "1,2";
				TEST_TARGET_NAME = ABSwiftKitExtensionExample;
			};
			name = Debug;
		};
		C7AD20632538B2F200DE4B12 /* Release */ = {
			isa = XCBuildConfiguration;
			buildSettings = {
				ALWAYS_EMBED_SWIFT_STANDARD_LIBRARIES = YES;
				CODE_SIGN_STYLE = Automatic;
				DEVELOPMENT_TEAM = 292J49Y2B4;
				INFOPLIST_FILE = ABSwiftKitExtensionExampleUITests/Info.plist;
				LD_RUNPATH_SEARCH_PATHS = (
					"$(inherited)",
					"@executable_path/Frameworks",
					"@loader_path/Frameworks",
				);
				PRODUCT_BUNDLE_IDENTIFIER = io.aben.ABSwiftKitExtensionExampleUITests;
				PRODUCT_NAME = "$(TARGET_NAME)";
				SWIFT_VERSION = 5.0;
				TARGETED_DEVICE_FAMILY = "1,2";
				TEST_TARGET_NAME = ABSwiftKitExtensionExample;
			};
			name = Release;
		};
/* End XCBuildConfiguration section */

/* Begin XCConfigurationList section */
		C7AD20312538B2F000DE4B12 /* Build configuration list for PBXProject "ABSwiftKitExtensionExample" */ = {
			isa = XCConfigurationList;
			buildConfigurations = (
				C7AD20592538B2F200DE4B12 /* Debug */,
				C7AD205A2538B2F200DE4B12 /* Release */,
			);
			defaultConfigurationIsVisible = 0;
			defaultConfigurationName = Release;
		};
		C7AD205B2538B2F200DE4B12 /* Build configuration list for PBXNativeTarget "ABSwiftKitExtensionExample" */ = {
			isa = XCConfigurationList;
			buildConfigurations = (
				C7AD205C2538B2F200DE4B12 /* Debug */,
				C7AD205D2538B2F200DE4B12 /* Release */,
			);
			defaultConfigurationIsVisible = 0;
			defaultConfigurationName = Release;
		};
		C7AD205E2538B2F200DE4B12 /* Build configuration list for PBXNativeTarget "ABSwiftKitExtensionExampleTests" */ = {
			isa = XCConfigurationList;
			buildConfigurations = (
				C7AD205F2538B2F200DE4B12 /* Debug */,
				C7AD20602538B2F200DE4B12 /* Release */,
			);
			defaultConfigurationIsVisible = 0;
			defaultConfigurationName = Release;
		};
		C7AD20612538B2F200DE4B12 /* Build configuration list for PBXNativeTarget "ABSwiftKitExtensionExampleUITests" */ = {
			isa = XCConfigurationList;
			buildConfigurations = (
				C7AD20622538B2F200DE4B12 /* Debug */,
				C7AD20632538B2F200DE4B12 /* Release */,
			);
			defaultConfigurationIsVisible = 0;
			defaultConfigurationName = Release;
		};
/* End XCConfigurationList section */
	};
	rootObject = C7AD202E2538B2F000DE4B12 /* Project object */;
}
